
Microsoft Visual Studio Solution File, Format Version 12.00
# Visual Studio Version 17
VisualStudioVersion = 17.5.002.0
MinimumVisualStudioVersion = 10.0.40219.1
Project("{9A19103F-16F7-4668-BE54-9A1E7A4F7556}") = "api", "api\api.csproj", "{C5540282-43F8-4566-9AC0-3925375BDCBC}"
EndProject
Global
	GlobalSection(SolutionConfigurationPlatforms) = preSolution
		Debug|Any CPU = Debug|Any CPU
		Release|Any CPU = Release|Any CPU
	EndGlobalSection
	GlobalSection(ProjectConfigurationPlatforms) = postSolution
		{C5540282-43F8-4566-9AC0-3925375BDCBC}.Debug|Any CPU.ActiveCfg = Debug|Any CPU
		{C5540282-43F8-4566-9AC0-3925375BDCBC}.Debug|Any CPU.Build.0 = Debug|Any CPU
		{C5540282-43F8-4566-9AC0-3925375BDCBC}.Release|Any CPU.ActiveCfg = Release|Any CPU
		{C5540282-43F8-4566-9AC0-3925375BDCBC}.Release|Any CPU.Build.0 = Release|Any CPU
	EndGlobalSection
	GlobalSection(SolutionProperties) = preSolution
		HideSolutionNode = FALSE
	EndGlobalSection
	GlobalSection(ExtensibilityGlobals) = postSolution
		SolutionGuid = {3C366773-FFF6-469A-B463-3A842C475809}
	EndGlobalSection
EndGlobal
