
Microsoft Visual Studio Solution File, Format Version 12.00
# Visual Studio Version 17
VisualStudioVersion = 17.5.33530.505
MinimumVisualStudioVersion = 10.0.40219.1
Project("{FAE04EC0-301F-11D3-BF4B-00C04F79EFBC}") = "QuanLyThuHocPhi", "QuanLyThuHocPhi\QuanLyThuHocPhi.csproj", "{6EC3D58C-6E50-4D2F-A736-AC4F9AD555AB}"
EndProject
Project("{FAE04EC0-301F-11D3-BF4B-00C04F79EFBC}") = "BusinessLogicLayer", "BusinessLogicLayer\BusinessLogicLayer.csproj", "{BF9F0BC7-7F06-4F92-8BAD-DFA29D5F4F7A}"
EndProject
Project("{FAE04EC0-301F-11D3-BF4B-00C04F79EFBC}") = "DataAccessLayer", "DataAccessLayer\DataAccessLayer.csproj", "{5A8F2A5C-0019-4A2E-8AB6-6F7187FFCFE6}"
EndProject
Project("{FAE04EC0-301F-11D3-BF4B-00C04F79EFBC}") = "ValueObject", "ValueObject\ValueObject.csproj", "{631B3CAF-C035-4BB0-B635-33D107B74A76}"
EndProject
Global
	GlobalSection(SolutionConfigurationPlatforms) = preSolution
		Debug|Any CPU = Debug|Any CPU
		Release|Any CPU = Release|Any CPU
	EndGlobalSection
	GlobalSection(ProjectConfigurationPlatforms) = postSolution
		{6EC3D58C-6E50-4D2F-A736-AC4F9AD555AB}.Debug|Any CPU.ActiveCfg = Debug|Any CPU
		{6EC3D58C-6E50-4D2F-A736-AC4F9AD555AB}.Debug|Any CPU.Build.0 = Debug|Any CPU
		{6EC3D58C-6E50-4D2F-A736-AC4F9AD555AB}.Release|Any CPU.ActiveCfg = Release|Any CPU
		{6EC3D58C-6E50-4D2F-A736-AC4F9AD555AB}.Release|Any CPU.Build.0 = Release|Any CPU
		{BF9F0BC7-7F06-4F92-8BAD-DFA29D5F4F7A}.Debug|Any CPU.ActiveCfg = Debug|Any CPU
		{BF9F0BC7-7F06-4F92-8BAD-DFA29D5F4F7A}.Debug|Any CPU.Build.0 = Debug|Any CPU
		{BF9F0BC7-7F06-4F92-8BAD-DFA29D5F4F7A}.Release|Any CPU.ActiveCfg = Release|Any CPU
		{BF9F0BC7-7F06-4F92-8BAD-DFA29D5F4F7A}.Release|Any CPU.Build.0 = Release|Any CPU
		{5A8F2A5C-0019-4A2E-8AB6-6F7187FFCFE6}.Debug|Any CPU.ActiveCfg = Debug|Any CPU
		{5A8F2A5C-0019-4A2E-8AB6-6F7187FFCFE6}.Debug|Any CPU.Build.0 = Debug|Any CPU
		{5A8F2A5C-0019-4A2E-8AB6-6F7187FFCFE6}.Release|Any CPU.ActiveCfg = Release|Any CPU
		{5A8F2A5C-0019-4A2E-8AB6-6F7187FFCFE6}.Release|Any CPU.Build.0 = Release|Any CPU
		{631B3CAF-C035-4BB0-B635-33D107B74A76}.Debug|Any CPU.ActiveCfg = Debug|Any CPU
		{631B3CAF-C035-4BB0-B635-33D107B74A76}.Debug|Any CPU.Build.0 = Debug|Any CPU
		{631B3CAF-C035-4BB0-B635-33D107B74A76}.Release|Any CPU.ActiveCfg = Release|Any CPU
		{631B3CAF-C035-4BB0-B635-33D107B74A76}.Release|Any CPU.Build.0 = Release|Any CPU
	EndGlobalSection
	GlobalSection(SolutionProperties) = preSolution
		HideSolutionNode = FALSE
	EndGlobalSection
	GlobalSection(ExtensibilityGlobals) = postSolution
		SolutionGuid = {5F8E9B08-BAF7-40AE-BBCD-5202EF9578D4}
	EndGlobalSection
EndGlobal
